// !$*UTF8*$!
{
	archiveVersion = 1;
	classes = {
	};
	objectVersion = 50;
	objects = {

/* Begin PBXBuildFile section */
		1C063DE922F29FA4003195BC /* Credentials.swift in Sources */ = {isa = PBXBuildFile; fileRef = 1C063DE822F29FA4003195BC /* Credentials.swift */; };
		1CA2D19B22F1347A001FE765 /* AppDelegate.swift in Sources */ = {isa = PBXBuildFile; fileRef = 1CA2D19A22F1347A001FE765 /* AppDelegate.swift */; };
		1CA2D19D22F1347A001FE765 /* ViewController.swift in Sources */ = {isa = PBXBuildFile; fileRef = 1CA2D19C22F1347A001FE765 /* ViewController.swift */; };
		1CA2D1A022F1347A001FE765 /* Main.storyboard in Resources */ = {isa = PBXBuildFile; fileRef = 1CA2D19E22F1347A001FE765 /* Main.storyboard */; };
		1CA2D1A222F1347F001FE765 /* Assets.xcassets in Resources */ = {isa = PBXBuildFile; fileRef = 1CA2D1A122F1347F001FE765 /* Assets.xcassets */; };
		1CA2D1A522F1347F001FE765 /* LaunchScreen.storyboard in Resources */ = {isa = PBXBuildFile; fileRef = 1CA2D1A322F1347F001FE765 /* LaunchScreen.storyboard */; };
		1CA2D1B022F1347F001FE765 /* LATests.swift in Sources */ = {isa = PBXBuildFile; fileRef = 1CA2D1AF22F1347F001FE765 /* LATests.swift */; };
		1CA2D1C922F184D1001FE765 /* CustomerKolodaView.swift in Sources */ = {isa = PBXBuildFile; fileRef = 1CA2D1C822F184D1001FE765 /* CustomerKolodaView.swift */; };
		BD2837ED230FA30A006E2ADF /* SplashViewController.swift in Sources */ = {isa = PBXBuildFile; fileRef = BD2837EC230FA30A006E2ADF /* SplashViewController.swift */; };
		BD2837EF230FA6E1006E2ADF /* loading.gif in Resources */ = {isa = PBXBuildFile; fileRef = BD2837EE230FA6E1006E2ADF /* loading.gif */; };
		BD2837F3230FD1C8006E2ADF /* gif4.gif in Resources */ = {isa = PBXBuildFile; fileRef = BD2837F2230FD1C8006E2ADF /* gif4.gif */; };
		BD31E312230E6CB200F747CE /* arrowUp.gif in Resources */ = {isa = PBXBuildFile; fileRef = BD31E311230E6CB200F747CE /* arrowUp.gif */; };
		BD31E314230E6CDD00F747CE /* SendCardViewController.swift in Sources */ = {isa = PBXBuildFile; fileRef = BD31E313230E6CDD00F747CE /* SendCardViewController.swift */; };
		BD31E316230E6EA200F747CE /* gif.gif in Resources */ = {isa = PBXBuildFile; fileRef = BD31E315230E6EA200F747CE /* gif.gif */; };
		BD31E31A230E822300F747CE /* gif2.gif in Resources */ = {isa = PBXBuildFile; fileRef = BD31E319230E822300F747CE /* gif2.gif */; };
		BD31E31C230EC6C600F747CE /* ReceiveViewController.swift in Sources */ = {isa = PBXBuildFile; fileRef = BD31E31B230EC6C600F747CE /* ReceiveViewController.swift */; };
		BD31E31E230EC92B00F747CE /* ExchangeCardViewController.swift in Sources */ = {isa = PBXBuildFile; fileRef = BD31E31D230EC92B00F747CE /* ExchangeCardViewController.swift */; };
		BD729F602302C24C007E8E41 /* Koloda.framework in Frameworks */ = {isa = PBXBuildFile; fileRef = 1CA2D1BB22F135E4001FE765 /* Koloda.framework */; };
		BD729F612302C26B007E8E41 /* pop.framework in Frameworks */ = {isa = PBXBuildFile; fileRef = 1CA2D1BF22F13E41001FE765 /* pop.framework */; };
		BD8436B5230D190C003D0FDB /* Converter.swift in Sources */ = {isa = PBXBuildFile; fileRef = BD8436B4230D190C003D0FDB /* Converter.swift */; };
		BDFA52B7231F5D9D0016BD72 /* QRCodeViewController.swift in Sources */ = {isa = PBXBuildFile; fileRef = BDFA52B6231F5D9D0016BD72 /* QRCodeViewController.swift */; };
		BDFA52B9231FA0920016BD72 /* ScanQRCodeViewController.swift in Sources */ = {isa = PBXBuildFile; fileRef = BDFA52B8231FA0920016BD72 /* ScanQRCodeViewController.swift */; };
/* End PBXBuildFile section */

/* Begin PBXContainerItemProxy section */
		1CA2D1AC22F1347F001FE765 /* PBXContainerItemProxy */ = {
			isa = PBXContainerItemProxy;
			containerPortal = 1CA2D18F22F1347A001FE765 /* Project object */;
			proxyType = 1;
			remoteGlobalIDString = 1CA2D19622F1347A001FE765;
			remoteInfo = LA;
		};
/* End PBXContainerItemProxy section */

/* Begin PBXFileReference section */
		1326EFD08015F713A84E6B6F /* Pods-LA.debug.xcconfig */ = {isa = PBXFileReference; includeInIndex = 1; lastKnownFileType = text.xcconfig; name = "Pods-LA.debug.xcconfig"; path = "Target Support Files/Pods-LA/Pods-LA.debug.xcconfig"; sourceTree = "<group>"; };
		1C063DE822F29FA4003195BC /* Credentials.swift */ = {isa = PBXFileReference; lastKnownFileType = sourcecode.swift; path = Credentials.swift; sourceTree = "<group>"; };
		1CA2D19722F1347A001FE765 /* LA.app */ = {isa = PBXFileReference; explicitFileType = wrapper.application; includeInIndex = 0; path = LA.app; sourceTree = BUILT_PRODUCTS_DIR; };
		1CA2D19A22F1347A001FE765 /* AppDelegate.swift */ = {isa = PBXFileReference; lastKnownFileType = sourcecode.swift; path = AppDelegate.swift; sourceTree = "<group>"; };
		1CA2D19C22F1347A001FE765 /* ViewController.swift */ = {isa = PBXFileReference; lastKnownFileType = sourcecode.swift; path = ViewController.swift; sourceTree = "<group>"; };
		1CA2D19F22F1347A001FE765 /* Base */ = {isa = PBXFileReference; lastKnownFileType = file.storyboard; name = Base; path = Base.lproj/Main.storyboard; sourceTree = "<group>"; };
		1CA2D1A122F1347F001FE765 /* Assets.xcassets */ = {isa = PBXFileReference; lastKnownFileType = folder.assetcatalog; path = Assets.xcassets; sourceTree = "<group>"; };
		1CA2D1A422F1347F001FE765 /* Base */ = {isa = PBXFileReference; lastKnownFileType = file.storyboard; name = Base; path = Base.lproj/LaunchScreen.storyboard; sourceTree = "<group>"; };
		1CA2D1A622F1347F001FE765 /* Info.plist */ = {isa = PBXFileReference; lastKnownFileType = text.plist.xml; path = Info.plist; sourceTree = "<group>"; };
		1CA2D1AB22F1347F001FE765 /* LATests.xctest */ = {isa = PBXFileReference; explicitFileType = wrapper.cfbundle; includeInIndex = 0; path = LATests.xctest; sourceTree = BUILT_PRODUCTS_DIR; };
		1CA2D1AF22F1347F001FE765 /* LATests.swift */ = {isa = PBXFileReference; lastKnownFileType = sourcecode.swift; path = LATests.swift; sourceTree = "<group>"; };
		1CA2D1B122F1347F001FE765 /* Info.plist */ = {isa = PBXFileReference; lastKnownFileType = text.plist.xml; path = Info.plist; sourceTree = "<group>"; };
		1CA2D1BB22F135E4001FE765 /* Koloda.framework */ = {isa = PBXFileReference; lastKnownFileType = wrapper.framework; name = Koloda.framework; path = Carthage/Build/iOS/Koloda.framework; sourceTree = "<group>"; };
		1CA2D1BF22F13E41001FE765 /* pop.framework */ = {isa = PBXFileReference; lastKnownFileType = wrapper.framework; name = pop.framework; path = Carthage/Build/iOS/pop.framework; sourceTree = "<group>"; };
		1CA2D1C822F184D1001FE765 /* CustomerKolodaView.swift */ = {isa = PBXFileReference; lastKnownFileType = sourcecode.swift; path = CustomerKolodaView.swift; sourceTree = "<group>"; };
		37E0635299346B7E196F4326 /* Pods_LA.framework */ = {isa = PBXFileReference; explicitFileType = wrapper.framework; includeInIndex = 0; path = Pods_LA.framework; sourceTree = BUILT_PRODUCTS_DIR; };
		64EB51FD1DAD20315756CCCB /* Pods-LA.release.xcconfig */ = {isa = PBXFileReference; includeInIndex = 1; lastKnownFileType = text.xcconfig; name = "Pods-LA.release.xcconfig"; path = "Target Support Files/Pods-LA/Pods-LA.release.xcconfig"; sourceTree = "<group>"; };
		BD2837EC230FA30A006E2ADF /* SplashViewController.swift */ = {isa = PBXFileReference; lastKnownFileType = sourcecode.swift; path = SplashViewController.swift; sourceTree = "<group>"; };
		BD2837EE230FA6E1006E2ADF /* loading.gif */ = {isa = PBXFileReference; lastKnownFileType = image.gif; name = loading.gif; path = ../../../Downloads/loading.gif; sourceTree = "<group>"; };
		BD2837F2230FD1C8006E2ADF /* gif4.gif */ = {isa = PBXFileReference; lastKnownFileType = image.gif; name = gif4.gif; path = ../../../Downloads/gif4.gif; sourceTree = "<group>"; };
		BD31E311230E6CB200F747CE /* arrowUp.gif */ = {isa = PBXFileReference; lastKnownFileType = image.gif; name = arrowUp.gif; path = ../../../Downloads/arrowUp.gif; sourceTree = "<group>"; };
		BD31E313230E6CDD00F747CE /* SendCardViewController.swift */ = {isa = PBXFileReference; lastKnownFileType = sourcecode.swift; path = SendCardViewController.swift; sourceTree = "<group>"; };
		BD31E315230E6EA200F747CE /* gif.gif */ = {isa = PBXFileReference; lastKnownFileType = image.gif; name = gif.gif; path = ../../../Downloads/gif.gif; sourceTree = "<group>"; };
		BD31E319230E822300F747CE /* gif2.gif */ = {isa = PBXFileReference; lastKnownFileType = image.gif; name = gif2.gif; path = ../../../Downloads/gif2.gif; sourceTree = "<group>"; };
		BD31E31B230EC6C600F747CE /* ReceiveViewController.swift */ = {isa = PBXFileReference; lastKnownFileType = sourcecode.swift; path = ReceiveViewController.swift; sourceTree = "<group>"; };
		BD31E31D230EC92B00F747CE /* ExchangeCardViewController.swift */ = {isa = PBXFileReference; lastKnownFileType = sourcecode.swift; path = ExchangeCardViewController.swift; sourceTree = "<group>"; };
		BD8436B4230D190C003D0FDB /* Converter.swift */ = {isa = PBXFileReference; lastKnownFileType = sourcecode.swift; path = Converter.swift; sourceTree = "<group>"; };
		BDFA52B6231F5D9D0016BD72 /* QRCodeViewController.swift */ = {isa = PBXFileReference; lastKnownFileType = sourcecode.swift; path = QRCodeViewController.swift; sourceTree = "<group>"; };
		BDFA52B8231FA0920016BD72 /* ScanQRCodeViewController.swift */ = {isa = PBXFileReference; lastKnownFileType = sourcecode.swift; path = ScanQRCodeViewController.swift; sourceTree = "<group>"; };
/* End PBXFileReference section */

/* Begin PBXFrameworksBuildPhase section */
		1CA2D19422F1347A001FE765 /* Frameworks */ = {
			isa = PBXFrameworksBuildPhase;
			buildActionMask = 2147483647;
			files = (
				BD729F612302C26B007E8E41 /* pop.framework in Frameworks */,
				BD729F602302C24C007E8E41 /* Koloda.framework in Frameworks */,
			);
			runOnlyForDeploymentPostprocessing = 0;
		};
		1CA2D1A822F1347F001FE765 /* Frameworks */ = {
			isa = PBXFrameworksBuildPhase;
			buildActionMask = 2147483647;
			files = (
			);
			runOnlyForDeploymentPostprocessing = 0;
		};
/* End PBXFrameworksBuildPhase section */

/* Begin PBXGroup section */
		116D741EB745ED966CC2B284 /* Pods */ = {
			isa = PBXGroup;
			children = (
				1326EFD08015F713A84E6B6F /* Pods-LA.debug.xcconfig */,
				64EB51FD1DAD20315756CCCB /* Pods-LA.release.xcconfig */,
			);
			path = Pods;
			sourceTree = "<group>";
		};
		1CA2D18E22F1347A001FE765 = {
			isa = PBXGroup;
			children = (
				1CA2D19922F1347A001FE765 /* LA */,
				1CA2D1AE22F1347F001FE765 /* LATests */,
				1CA2D19822F1347A001FE765 /* Products */,
				1CA2D1BA22F135E3001FE765 /* Frameworks */,
				116D741EB745ED966CC2B284 /* Pods */,
			);
			sourceTree = "<group>";
		};
		1CA2D19822F1347A001FE765 /* Products */ = {
			isa = PBXGroup;
			children = (
				1CA2D19722F1347A001FE765 /* LA.app */,
				1CA2D1AB22F1347F001FE765 /* LATests.xctest */,
			);
			name = Products;
			sourceTree = "<group>";
		};
		1CA2D19922F1347A001FE765 /* LA */ = {
			isa = PBXGroup;
			children = (
				BD2837F2230FD1C8006E2ADF /* gif4.gif */,
				BD2837EE230FA6E1006E2ADF /* loading.gif */,
				BD31E311230E6CB200F747CE /* arrowUp.gif */,
				BD31E319230E822300F747CE /* gif2.gif */,
				BD31E315230E6EA200F747CE /* gif.gif */,
				BD31E31D230EC92B00F747CE /* ExchangeCardViewController.swift */,
				BD31E313230E6CDD00F747CE /* SendCardViewController.swift */,
				BD31E31B230EC6C600F747CE /* ReceiveViewController.swift */,
				BD2837EC230FA30A006E2ADF /* SplashViewController.swift */,
				BDFA52B6231F5D9D0016BD72 /* QRCodeViewController.swift */,
				BDFA52B8231FA0920016BD72 /* ScanQRCodeViewController.swift */,
				1CA2D19C22F1347A001FE765 /* ViewController.swift */,
				1CA2D19A22F1347A001FE765 /* AppDelegate.swift */,
				1CA2D19E22F1347A001FE765 /* Main.storyboard */,
				1CA2D1A122F1347F001FE765 /* Assets.xcassets */,
				1CA2D1A322F1347F001FE765 /* LaunchScreen.storyboard */,
				1CA2D1A622F1347F001FE765 /* Info.plist */,
				1CA2D1C822F184D1001FE765 /* CustomerKolodaView.swift */,
				1C063DE822F29FA4003195BC /* Credentials.swift */,
				BD8436B4230D190C003D0FDB /* Converter.swift */,
			);
			path = LA;
			sourceTree = "<group>";
		};
		1CA2D1AE22F1347F001FE765 /* LATests */ = {
			isa = PBXGroup;
			children = (
				1CA2D1AF22F1347F001FE765 /* LATests.swift */,
				1CA2D1B122F1347F001FE765 /* Info.plist */,
			);
			path = LATests;
			sourceTree = "<group>";
		};
		1CA2D1BA22F135E3001FE765 /* Frameworks */ = {
			isa = PBXGroup;
			children = (
				1CA2D1BF22F13E41001FE765 /* pop.framework */,
				1CA2D1BB22F135E4001FE765 /* Koloda.framework */,
				37E0635299346B7E196F4326 /* Pods_LA.framework */,
			);
			name = Frameworks;
			sourceTree = "<group>";
		};
/* End PBXGroup section */

/* Begin PBXNativeTarget section */
		1CA2D19622F1347A001FE765 /* LA */ = {
			isa = PBXNativeTarget;
			buildConfigurationList = 1CA2D1B422F1347F001FE765 /* Build configuration list for PBXNativeTarget "LA" */;
			buildPhases = (
				3B5C89F2547E60EFFBD9FAD8 /* [CP] Check Pods Manifest.lock */,
				1CA2D19322F1347A001FE765 /* Sources */,
				1CA2D19422F1347A001FE765 /* Frameworks */,
				1CA2D19522F1347A001FE765 /* Resources */,
				1CA2D1BD22F135EC001FE765 /* ShellScript */,
			);
			buildRules = (
			);
			dependencies = (
			);
			name = LA;
			productName = LA;
			productReference = 1CA2D19722F1347A001FE765 /* LA.app */;
			productType = "com.apple.product-type.application";
		};
		1CA2D1AA22F1347F001FE765 /* LATests */ = {
			isa = PBXNativeTarget;
			buildConfigurationList = 1CA2D1B722F1347F001FE765 /* Build configuration list for PBXNativeTarget "LATests" */;
			buildPhases = (
				1CA2D1A722F1347F001FE765 /* Sources */,
				1CA2D1A822F1347F001FE765 /* Frameworks */,
				1CA2D1A922F1347F001FE765 /* Resources */,
			);
			buildRules = (
			);
			dependencies = (
				1CA2D1AD22F1347F001FE765 /* PBXTargetDependency */,
			);
			name = LATests;
			productName = LATests;
			productReference = 1CA2D1AB22F1347F001FE765 /* LATests.xctest */;
			productType = "com.apple.product-type.bundle.unit-test";
		};
/* End PBXNativeTarget section */

/* Begin PBXProject section */
		1CA2D18F22F1347A001FE765 /* Project object */ = {
			isa = PBXProject;
			attributes = {
				LastSwiftUpdateCheck = 1020;
				LastUpgradeCheck = 1020;
				ORGANIZATIONNAME = "Nguyen Thi Lan Anh";
				TargetAttributes = {
					1CA2D19622F1347A001FE765 = {
						CreatedOnToolsVersion = 10.2.1;
					};
					1CA2D1AA22F1347F001FE765 = {
						CreatedOnToolsVersion = 10.2.1;
						TestTargetID = 1CA2D19622F1347A001FE765;
					};
				};
			};
			buildConfigurationList = 1CA2D19222F1347A001FE765 /* Build configuration list for PBXProject "LA" */;
			compatibilityVersion = "Xcode 9.3";
			developmentRegion = en;
			hasScannedForEncodings = 0;
			knownRegions = (
				en,
				Base,
			);
			mainGroup = 1CA2D18E22F1347A001FE765;
			productRefGroup = 1CA2D19822F1347A001FE765 /* Products */;
			projectDirPath = "";
			projectRoot = "";
			targets = (
				1CA2D19622F1347A001FE765 /* LA */,
				1CA2D1AA22F1347F001FE765 /* LATests */,
			);
		};
/* End PBXProject section */

/* Begin PBXResourcesBuildPhase section */
		1CA2D19522F1347A001FE765 /* Resources */ = {
			isa = PBXResourcesBuildPhase;
			buildActionMask = 2147483647;
			files = (
				1CA2D1A522F1347F001FE765 /* LaunchScreen.storyboard in Resources */,
				1CA2D1A222F1347F001FE765 /* Assets.xcassets in Resources */,
				1CA2D1A022F1347A001FE765 /* Main.storyboard in Resources */,
				BD31E312230E6CB200F747CE /* arrowUp.gif in Resources */,
				BD2837EF230FA6E1006E2ADF /* loading.gif in Resources */,
				BD31E31A230E822300F747CE /* gif2.gif in Resources */,
				BD2837F3230FD1C8006E2ADF /* gif4.gif in Resources */,
				BD31E316230E6EA200F747CE /* gif.gif in Resources */,
			);
			runOnlyForDeploymentPostprocessing = 0;
		};
		1CA2D1A922F1347F001FE765 /* Resources */ = {
			isa = PBXResourcesBuildPhase;
			buildActionMask = 2147483647;
			files = (
			);
			runOnlyForDeploymentPostprocessing = 0;
		};
/* End PBXResourcesBuildPhase section */

/* Begin PBXShellScriptBuildPhase section */
		1CA2D1BD22F135EC001FE765 /* ShellScript */ = {
			isa = PBXShellScriptBuildPhase;
			buildActionMask = 2147483647;
			files = (
			);
			inputFileListPaths = (
			);
			inputPaths = (
				"$(SRCROOT)/Carthage/Build/iOS/Koloda.framework",
				"$(SRCROOT)/Carthage/Build/iOS/pop.framework",
			);
			outputFileListPaths = (
			);
			outputPaths = (
			);
			runOnlyForDeploymentPostprocessing = 0;
			shellPath = /bin/sh;
			shellScript = "# Type a script or drag a script file from your workspace to insert its path.\n/usr/local/bin/carthage copy-frameworks\n";
		};
		3B5C89F2547E60EFFBD9FAD8 /* [CP] Check Pods Manifest.lock */ = {
			isa = PBXShellScriptBuildPhase;
			buildActionMask = 2147483647;
			files = (
			);
			inputFileListPaths = (
			);
			inputPaths = (
				"${PODS_PODFILE_DIR_PATH}/Podfile.lock",
				"${PODS_ROOT}/Manifest.lock",
			);
			name = "[CP] Check Pods Manifest.lock";
			outputFileListPaths = (
			);
			outputPaths = (
				"$(DERIVED_FILE_DIR)/Pods-LA-checkManifestLockResult.txt",
			);
			runOnlyForDeploymentPostprocessing = 0;
			shellPath = /bin/sh;
			shellScript = "diff \"${PODS_PODFILE_DIR_PATH}/Podfile.lock\" \"${PODS_ROOT}/Manifest.lock\" > /dev/null\nif [ $? != 0 ] ; then\n    # print error to STDERR\n    echo \"error: The sandbox is not in sync with the Podfile.lock. Run 'pod install' or update your CocoaPods installation.\" >&2\n    exit 1\nfi\n# This output is used by Xcode 'outputs' to avoid re-running this script phase.\necho \"SUCCESS\" > \"${SCRIPT_OUTPUT_FILE_0}\"\n";
			showEnvVarsInLog = 0;
		};
/* End PBXShellScriptBuildPhase section */

/* Begin PBXSourcesBuildPhase section */
		1CA2D19322F1347A001FE765 /* Sources */ = {
			isa = PBXSourcesBuildPhase;
			buildActionMask = 2147483647;
			files = (
				1CA2D19D22F1347A001FE765 /* ViewController.swift in Sources */,
				1CA2D19B22F1347A001FE765 /* AppDelegate.swift in Sources */,
				1C063DE922F29FA4003195BC /* Credentials.swift in Sources */,
				BD2837ED230FA30A006E2ADF /* SplashViewController.swift in Sources */,
				BDFA52B7231F5D9D0016BD72 /* QRCodeViewController.swift in Sources */,
				1CA2D1C922F184D1001FE765 /* CustomerKolodaView.swift in Sources */,
				BDFA52B9231FA0920016BD72 /* ScanQRCodeViewController.swift in Sources */,
				BD31E31C230EC6C600F747CE /* ReceiveViewController.swift in Sources */,
				BD31E314230E6CDD00F747CE /* SendCardViewController.swift in Sources */,
				BD31E31E230EC92B00F747CE /* ExchangeCardViewController.swift in Sources */,
				BD8436B5230D190C003D0FDB /* Converter.swift in Sources */,
			);
			runOnlyForDeploymentPostprocessing = 0;
		};
		1CA2D1A722F1347F001FE765 /* Sources */ = {
			isa = PBXSourcesBuildPhase;
			buildActionMask = 2147483647;
			files = (
				1CA2D1B022F1347F001FE765 /* LATests.swift in Sources */,
			);
			runOnlyForDeploymentPostprocessing = 0;
		};
/* End PBXSourcesBuildPhase section */

/* Begin PBXTargetDependency section */
		1CA2D1AD22F1347F001FE765 /* PBXTargetDependency */ = {
			isa = PBXTargetDependency;
			target = 1CA2D19622F1347A001FE765 /* LA */;
			targetProxy = 1CA2D1AC22F1347F001FE765 /* PBXContainerItemProxy */;
		};
/* End PBXTargetDependency section */

/* Begin PBXVariantGroup section */
		1CA2D19E22F1347A001FE765 /* Main.storyboard */ = {
			isa = PBXVariantGroup;
			children = (
				1CA2D19F22F1347A001FE765 /* Base */,
			);
			name = Main.storyboard;
			sourceTree = "<group>";
		};
		1CA2D1A322F1347F001FE765 /* LaunchScreen.storyboard */ = {
			isa = PBXVariantGroup;
			children = (
				1CA2D1A422F1347F001FE765 /* Base */,
			);
			name = LaunchScreen.storyboard;
			sourceTree = "<group>";
		};
/* End PBXVariantGroup section */

/* Begin XCBuildConfiguration section */
		1CA2D1B222F1347F001FE765 /* Debug */ = {
			isa = XCBuildConfiguration;
			buildSettings = {
				ALWAYS_SEARCH_USER_PATHS = NO;
				CLANG_ANALYZER_NONNULL = YES;
				CLANG_ANALYZER_NUMBER_OBJECT_CONVERSION = YES_AGGRESSIVE;
				CLANG_CXX_LANGUAGE_STANDARD = "gnu++14";
				CLANG_CXX_LIBRARY = "libc++";
				CLANG_ENABLE_MODULES = YES;
				CLANG_ENABLE_OBJC_ARC = YES;
				CLANG_ENABLE_OBJC_WEAK = YES;
				CLANG_WARN_BLOCK_CAPTURE_AUTORELEASING = YES;
				CLANG_WARN_BOOL_CONVERSION = YES;
				CLANG_WARN_COMMA = YES;
				CLANG_WARN_CONSTANT_CONVERSION = YES;
				CLANG_WARN_DEPRECATED_OBJC_IMPLEMENTATIONS = YES;
				CLANG_WARN_DIRECT_OBJC_ISA_USAGE = YES_ERROR;
				CLANG_WARN_DOCUMENTATION_COMMENTS = YES;
				CLANG_WARN_EMPTY_BODY = YES;
				CLANG_WARN_ENUM_CONVERSION = YES;
				CLANG_WARN_INFINITE_RECURSION = YES;
				CLANG_WARN_INT_CONVERSION = YES;
				CLANG_WARN_NON_LITERAL_NULL_CONVERSION = YES;
				CLANG_WARN_OBJC_IMPLICIT_RETAIN_SELF = YES;
				CLANG_WARN_OBJC_LITERAL_CONVERSION = YES;
				CLANG_WARN_OBJC_ROOT_CLASS = YES_ERROR;
				CLANG_WARN_RANGE_LOOP_ANALYSIS = YES;
				CLANG_WARN_STRICT_PROTOTYPES = YES;
				CLANG_WARN_SUSPICIOUS_MOVE = YES;
				CLANG_WARN_UNGUARDED_AVAILABILITY = YES_AGGRESSIVE;
				CLANG_WARN_UNREACHABLE_CODE = YES;
				CLANG_WARN__DUPLICATE_METHOD_MATCH = YES;
				CODE_SIGN_IDENTITY = "iPhone Developer";
				COPY_PHASE_STRIP = NO;
				DEBUG_INFORMATION_FORMAT = dwarf;
				ENABLE_STRICT_OBJC_MSGSEND = YES;
				ENABLE_TESTABILITY = YES;
				GCC_C_LANGUAGE_STANDARD = gnu11;
				GCC_DYNAMIC_NO_PIC = NO;
				GCC_NO_COMMON_BLOCKS = YES;
				GCC_OPTIMIZATION_LEVEL = 0;
				GCC_PREPROCESSOR_DEFINITIONS = (
					"DEBUG=1",
					"$(inherited)",
				);
				GCC_WARN_64_TO_32_BIT_CONVERSION = YES;
				GCC_WARN_ABOUT_RETURN_TYPE = YES_ERROR;
				GCC_WARN_UNDECLARED_SELECTOR = YES;
				GCC_WARN_UNINITIALIZED_AUTOS = YES_AGGRESSIVE;
				GCC_WARN_UNUSED_FUNCTION = YES;
				GCC_WARN_UNUSED_VARIABLE = YES;
				IPHONEOS_DEPLOYMENT_TARGET = 12.2;
				MTL_ENABLE_DEBUG_INFO = INCLUDE_SOURCE;
				MTL_FAST_MATH = YES;
				ONLY_ACTIVE_ARCH = YES;
				SDKROOT = iphoneos;
				SWIFT_ACTIVE_COMPILATION_CONDITIONS = DEBUG;
				SWIFT_OPTIMIZATION_LEVEL = "-Onone";
			};
			name = Debug;
		};
		1CA2D1B322F1347F001FE765 /* Release */ = {
			isa = XCBuildConfiguration;
			buildSettings = {
				ALWAYS_SEARCH_USER_PATHS = NO;
				CLANG_ANALYZER_NONNULL = YES;
				CLANG_ANALYZER_NUMBER_OBJECT_CONVERSION = YES_AGGRESSIVE;
				CLANG_CXX_LANGUAGE_STANDARD = "gnu++14";
				CLANG_CXX_LIBRARY = "libc++";
				CLANG_ENABLE_MODULES = YES;
				CLANG_ENABLE_OBJC_ARC = YES;
				CLANG_ENABLE_OBJC_WEAK = YES;
				CLANG_WARN_BLOCK_CAPTURE_AUTORELEASING = YES;
				CLANG_WARN_BOOL_CONVERSION = YES;
				CLANG_WARN_COMMA = YES;
				CLANG_WARN_CONSTANT_CONVERSION = YES;
				CLANG_WARN_DEPRECATED_OBJC_IMPLEMENTATIONS = YES;
				CLANG_WARN_DIRECT_OBJC_ISA_USAGE = YES_ERROR;
				CLANG_WARN_DOCUMENTATION_COMMENTS = YES;
				CLANG_WARN_EMPTY_BODY = YES;
				CLANG_WARN_ENUM_CONVERSION = YES;
				CLANG_WARN_INFINITE_RECURSION = YES;
				CLANG_WARN_INT_CONVERSION = YES;
				CLANG_WARN_NON_LITERAL_NULL_CONVERSION = YES;
				CLANG_WARN_OBJC_IMPLICIT_RETAIN_SELF = YES;
				CLANG_WARN_OBJC_LITERAL_CONVERSION = YES;
				CLANG_WARN_OBJC_ROOT_CLASS = YES_ERROR;
				CLANG_WARN_RANGE_LOOP_ANALYSIS = YES;
				CLANG_WARN_STRICT_PROTOTYPES = YES;
				CLANG_WARN_SUSPICIOUS_MOVE = YES;
				CLANG_WARN_UNGUARDED_AVAILABILITY = YES_AGGRESSIVE;
				CLANG_WARN_UNREACHABLE_CODE = YES;
				CLANG_WARN__DUPLICATE_METHOD_MATCH = YES;
				CODE_SIGN_IDENTITY = "iPhone Developer";
				COPY_PHASE_STRIP = NO;
				DEBUG_INFORMATION_FORMAT = "dwarf-with-dsym";
				ENABLE_NS_ASSERTIONS = NO;
				ENABLE_STRICT_OBJC_MSGSEND = YES;
				GCC_C_LANGUAGE_STANDARD = gnu11;
				GCC_NO_COMMON_BLOCKS = YES;
				GCC_WARN_64_TO_32_BIT_CONVERSION = YES;
				GCC_WARN_ABOUT_RETURN_TYPE = YES_ERROR;
				GCC_WARN_UNDECLARED_SELECTOR = YES;
				GCC_WARN_UNINITIALIZED_AUTOS = YES_AGGRESSIVE;
				GCC_WARN_UNUSED_FUNCTION = YES;
				GCC_WARN_UNUSED_VARIABLE = YES;
				IPHONEOS_DEPLOYMENT_TARGET = 12.2;
				MTL_ENABLE_DEBUG_INFO = NO;
				MTL_FAST_MATH = YES;
				SDKROOT = iphoneos;
				SWIFT_COMPILATION_MODE = wholemodule;
				SWIFT_OPTIMIZATION_LEVEL = "-O";
				VALIDATE_PRODUCT = YES;
			};
			name = Release;
		};
		1CA2D1B522F1347F001FE765 /* Debug */ = {
			isa = XCBuildConfiguration;
			baseConfigurationReference = 1326EFD08015F713A84E6B6F /* Pods-LA.debug.xcconfig */;
			buildSettings = {
				ASSETCATALOG_COMPILER_APPICON_NAME = AppIcon;
				CODE_SIGN_STYLE = Automatic;
				DEVELOPMENT_TEAM = UT85388U7N;
				ENABLE_BITCODE = NO;
				FRAMEWORK_SEARCH_PATHS = (
					"$(inherited)",
					"$(PROJECT_DIR)/Carthage/Build/iOS",
				);
				INFOPLIST_FILE = LA/Info.plist;
				LD_RUNPATH_SEARCH_PATHS = (
					"$(inherited)",
					"@executable_path/Frameworks",
				);
				PRODUCT_BUNDLE_IDENTIFIER = com.example.LA;
				PRODUCT_NAME = "$(TARGET_NAME)";
				SWIFT_VERSION = 5.0;
				TARGETED_DEVICE_FAMILY = "1,2";
			};
			name = Debug;
		};
		1CA2D1B622F1347F001FE765 /* Release */ = {
			isa = XCBuildConfiguration;
			baseConfigurationReference = 64EB51FD1DAD20315756CCCB /* Pods-LA.release.xcconfig */;
			buildSettings = {
				ASSETCATALOG_COMPILER_APPICON_NAME = AppIcon;
				CODE_SIGN_STYLE = Automatic;
				DEVELOPMENT_TEAM = UT85388U7N;
				ENABLE_BITCODE = NO;
				FRAMEWORK_SEARCH_PATHS = (
					"$(inherited)",
					"$(PROJECT_DIR)/Carthage/Build/iOS",
				);
				INFOPLIST_FILE = LA/Info.plist;
				LD_RUNPATH_SEARCH_PATHS = (
					"$(inherited)",
					"@executable_path/Frameworks",
				);
				PRODUCT_BUNDLE_IDENTIFIER = com.example.LA;
				PRODUCT_NAME = "$(TARGET_NAME)";
				SWIFT_VERSION = 5.0;
				TARGETED_DEVICE_FAMILY = "1,2";
			};
			name = Release;
		};
		1CA2D1B822F1347F001FE765 /* Debug */ = {
			isa = XCBuildConfiguration;
			buildSettings = {
				ALWAYS_EMBED_SWIFT_STANDARD_LIBRARIES = YES;
				BUNDLE_LOADER = "$(TEST_HOST)";
				CODE_SIGN_STYLE = Automatic;
				INFOPLIST_FILE = LATests/Info.plist;
				LD_RUNPATH_SEARCH_PATHS = (
					"$(inherited)",
					"@executable_path/Frameworks",
					"@loader_path/Frameworks",
				);
				PRODUCT_BUNDLE_IDENTIFIER = com.example.LATests;
				PRODUCT_NAME = "$(TARGET_NAME)";
				SWIFT_VERSION = 5.0;
				TARGETED_DEVICE_FAMILY = "1,2";
				TEST_HOST = "$(BUILT_PRODUCTS_DIR)/LA.app/LA";
			};
			name = Debug;
		};
		1CA2D1B922F1347F001FE765 /* Release */ = {
			isa = XCBuildConfiguration;
			buildSettings = {
				ALWAYS_EMBED_SWIFT_STANDARD_LIBRARIES = YES;
				BUNDLE_LOADER = "$(TEST_HOST)";
				CODE_SIGN_STYLE = Automatic;
				INFOPLIST_FILE = LATests/Info.plist;
				LD_RUNPATH_SEARCH_PATHS = (
					"$(inherited)",
					"@executable_path/Frameworks",
					"@loader_path/Frameworks",
				);
				PRODUCT_BUNDLE_IDENTIFIER = com.example.LATests;
				PRODUCT_NAME = "$(TARGET_NAME)";
				SWIFT_VERSION = 5.0;
				TARGETED_DEVICE_FAMILY = "1,2";
				TEST_HOST = "$(BUILT_PRODUCTS_DIR)/LA.app/LA";
			};
			name = Release;
		};
/* End XCBuildConfiguration section */

/* Begin XCConfigurationList section */
		1CA2D19222F1347A001FE765 /* Build configuration list for PBXProject "LA" */ = {
			isa = XCConfigurationList;
			buildConfigurations = (
				1CA2D1B222F1347F001FE765 /* Debug */,
				1CA2D1B322F1347F001FE765 /* Release */,
			);
			defaultConfigurationIsVisible = 0;
			defaultConfigurationName = Release;
		};
		1CA2D1B422F1347F001FE765 /* Build configuration list for PBXNativeTarget "LA" */ = {
			isa = XCConfigurationList;
			buildConfigurations = (
				1CA2D1B522F1347F001FE765 /* Debug */,
				1CA2D1B622F1347F001FE765 /* Release */,
			);
			defaultConfigurationIsVisible = 0;
			defaultConfigurationName = Release;
		};
		1CA2D1B722F1347F001FE765 /* Build configuration list for PBXNativeTarget "LATests" */ = {
			isa = XCConfigurationList;
			buildConfigurations = (
				1CA2D1B822F1347F001FE765 /* Debug */,
				1CA2D1B922F1347F001FE765 /* Release */,
			);
			defaultConfigurationIsVisible = 0;
			defaultConfigurationName = Release;
		};
/* End XCConfigurationList section */
	};
	rootObject = 1CA2D18F22F1347A001FE765 /* Project object */;
}
